// !$*UTF8*$!
{
	archiveVersion = 1;
	classes = {
	};
	objectVersion = 46;
	objects = {

/* Begin PBXBuildFile section */
		0E0104E31D2F3F6E0070FEDE /* EasyPickerKit.framework in Frameworks */ = {isa = PBXBuildFile; fileRef = 0E0104E21D2F3F6E0070FEDE /* EasyPickerKit.framework */; };
		0E0104E41D2F3F6E0070FEDE /* EasyPickerKit.framework in Embed Frameworks */ = {isa = PBXBuildFile; fileRef = 0E0104E21D2F3F6E0070FEDE /* EasyPickerKit.framework */; settings = {ATTRIBUTES = (CodeSignOnCopy, RemoveHeadersOnCopy, ); }; };
		0E0EB55C1D2384B6000B5C0D /* DateUtilities.swift in Sources */ = {isa = PBXBuildFile; fileRef = 0E0EB55B1D2384B6000B5C0D /* DateUtilities.swift */; };
		0E0EB5661D238D49000B5C0D /* MenuButton.swift in Sources */ = {isa = PBXBuildFile; fileRef = 0E0EB5651D238D49000B5C0D /* MenuButton.swift */; };
		0E0EB56C1D24CA73000B5C0D /* CoreData.framework in Frameworks */ = {isa = PBXBuildFile; fileRef = 0E0EB56B1D24CA73000B5C0D /* CoreData.framework */; };
		0E0EB56E1D24CC1B000B5C0D /* GMCreacionTurnosViewController.swift in Sources */ = {isa = PBXBuildFile; fileRef = 0E0EB56D1D24CC1B000B5C0D /* GMCreacionTurnosViewController.swift */; };
		0E0EB5701D24D442000B5C0D /* TurnView.swift in Sources */ = {isa = PBXBuildFile; fileRef = 0E0EB56F1D24D442000B5C0D /* TurnView.swift */; };
		0E282A7A1D2CDDAE00DB300C /* GMMainViewController.swift in Sources */ = {isa = PBXBuildFile; fileRef = 0E282A791D2CDDAE00DB300C /* GMMainViewController.swift */; };
		0E282A7F1D2DFCD100DB300C /* Fecha+CoreDataProperties.swift in Sources */ = {isa = PBXBuildFile; fileRef = 0E282A7B1D2DFCD100DB300C /* Fecha+CoreDataProperties.swift */; };
		0E282A801D2DFCD100DB300C /* Fecha.swift in Sources */ = {isa = PBXBuildFile; fileRef = 0E282A7C1D2DFCD100DB300C /* Fecha.swift */; };
		0E282A811D2DFCD100DB300C /* Turno+CoreDataProperties.swift in Sources */ = {isa = PBXBuildFile; fileRef = 0E282A7D1D2DFCD100DB300C /* Turno+CoreDataProperties.swift */; };
		0E282A821D2DFCD100DB300C /* Turno.swift in Sources */ = {isa = PBXBuildFile; fileRef = 0E282A7E1D2DFCD100DB300C /* Turno.swift */; };
		0E456C401D28428800855FD1 /* SuperCoreData.framework in Frameworks */ = {isa = PBXBuildFile; fileRef = 0E456C3F1D28428800855FD1 /* SuperCoreData.framework */; };
		0E456C411D28428800855FD1 /* SuperCoreData.framework in Embed Frameworks */ = {isa = PBXBuildFile; fileRef = 0E456C3F1D28428800855FD1 /* SuperCoreData.framework */; settings = {ATTRIBUTES = (CodeSignOnCopy, RemoveHeadersOnCopy, ); }; };
		0E456C501D2B7AB500855FD1 /* GMCalendarViewController.swift in Sources */ = {isa = PBXBuildFile; fileRef = 0E456C4F1D2B7AB500855FD1 /* GMCalendarViewController.swift */; };
		0E456C581D2B7D8B00855FD1 /* EPCalendarPicker.swift in Sources */ = {isa = PBXBuildFile; fileRef = 0E456C511D2B7D8B00855FD1 /* EPCalendarPicker.swift */; };
		0E456C591D2B7D8B00855FD1 /* EPCalendarConstants.swift in Sources */ = {isa = PBXBuildFile; fileRef = 0E456C521D2B7D8B00855FD1 /* EPCalendarConstants.swift */; };
		0E456C5A1D2B7D8B00855FD1 /* EPCalendarCell1.swift in Sources */ = {isa = PBXBuildFile; fileRef = 0E456C531D2B7D8B00855FD1 /* EPCalendarCell1.swift */; };
		0E456C5B1D2B7D8B00855FD1 /* EPCalendarCell1.xib in Resources */ = {isa = PBXBuildFile; fileRef = 0E456C541D2B7D8B00855FD1 /* EPCalendarCell1.xib */; };
		0E456C5C1D2B7D8B00855FD1 /* EPCalendarHeaderView.swift in Sources */ = {isa = PBXBuildFile; fileRef = 0E456C551D2B7D8B00855FD1 /* EPCalendarHeaderView.swift */; };
		0E456C5D1D2B7D8B00855FD1 /* EPCalendarHeaderView.xib in Resources */ = {isa = PBXBuildFile; fileRef = 0E456C561D2B7D8B00855FD1 /* EPCalendarHeaderView.xib */; };
		0E456C5E1D2B7D8B00855FD1 /* EPExtensions.swift in Sources */ = {isa = PBXBuildFile; fileRef = 0E456C571D2B7D8B00855FD1 /* EPExtensions.swift */; };
		0E456C601D2B824E00855FD1 /* CalendarBrain.swift in Sources */ = {isa = PBXBuildFile; fileRef = 0E456C5F1D2B824E00855FD1 /* CalendarBrain.swift */; };
		0E46ED601D281B9D00016E30 /* UIColor+customProperties.m in Sources */ = {isa = PBXBuildFile; fileRef = 0E46ED5F1D281B9D00016E30 /* UIColor+customProperties.m */; };
		0E46ED621D28232E00016E30 /* UIViewExtensions.swift in Sources */ = {isa = PBXBuildFile; fileRef = 0E46ED611D28232E00016E30 /* UIViewExtensions.swift */; };
		0E6286301D2CC450002AB31B /* ColorExtension.swift in Sources */ = {isa = PBXBuildFile; fileRef = 0E62862F1D2CC450002AB31B /* ColorExtension.swift */; };
		0E8CF1181D20D77200B788BA /* AppDelegate.swift in Sources */ = {isa = PBXBuildFile; fileRef = 0E8CF1171D20D77200B788BA /* AppDelegate.swift */; };
		0E8CF11A1D20D77200B788BA /* ViewController.swift in Sources */ = {isa = PBXBuildFile; fileRef = 0E8CF1191D20D77200B788BA /* ViewController.swift */; };
		0E8CF11D1D20D77200B788BA /* Main.storyboard in Resources */ = {isa = PBXBuildFile; fileRef = 0E8CF11B1D20D77200B788BA /* Main.storyboard */; };
		0E8CF1201D20D77200B788BA /* GuardiasMIP.xcdatamodeld in Sources */ = {isa = PBXBuildFile; fileRef = 0E8CF11E1D20D77200B788BA /* GuardiasMIP.xcdatamodeld */; };
		0E8CF1221D20D77200B788BA /* Assets.xcassets in Resources */ = {isa = PBXBuildFile; fileRef = 0E8CF1211D20D77200B788BA /* Assets.xcassets */; };
		0E8CF1251D20D77200B788BA /* LaunchScreen.storyboard in Resources */ = {isa = PBXBuildFile; fileRef = 0E8CF1231D20D77200B788BA /* LaunchScreen.storyboard */; };
		0E8CF1301D20D77200B788BA /* GuardiasMIPTests.swift in Sources */ = {isa = PBXBuildFile; fileRef = 0E8CF12F1D20D77200B788BA /* GuardiasMIPTests.swift */; };
		0E8CF13B1D20D77200B788BA /* GuardiasMIPUITests.swift in Sources */ = {isa = PBXBuildFile; fileRef = 0E8CF13A1D20D77200B788BA /* GuardiasMIPUITests.swift */; };
		0EE344571D2E2CBF00BD2F55 /* ActivityIndicatorViewController.swift in Sources */ = {isa = PBXBuildFile; fileRef = 0EE344561D2E2CBF00BD2F55 /* ActivityIndicatorViewController.swift */; };
		0EE3445A1D2E2D9E00BD2F55 /* ActivityIndicator.m in Sources */ = {isa = PBXBuildFile; fileRef = 0EE344591D2E2D9E00BD2F55 /* ActivityIndicator.m */; };
		22212435CF70BD2FE95F0F3B /* Pods_GuardiasMIPUITests.framework in Frameworks */ = {isa = PBXBuildFile; fileRef = 5DF625263AF051A875B98FDC /* Pods_GuardiasMIPUITests.framework */; };
		38C7DCB31979700543820733 /* Pods_GuardiasMIP.framework in Frameworks */ = {isa = PBXBuildFile; fileRef = D61192C4D7D283D1A29AC55E /* Pods_GuardiasMIP.framework */; };
		3F766EBBAC079D2B7FB61DC7 /* Pods_GuardiasMIPTests.framework in Frameworks */ = {isa = PBXBuildFile; fileRef = 74B9614F963C22C0B4905341 /* Pods_GuardiasMIPTests.framework */; };
/* End PBXBuildFile section */

/* Begin PBXContainerItemProxy section */
		0E8CF12C1D20D77200B788BA /* PBXContainerItemProxy */ = {
			isa = PBXContainerItemProxy;
			containerPortal = 0E8CF10C1D20D77200B788BA /* Project object */;
			proxyType = 1;
			remoteGlobalIDString = 0E8CF1131D20D77200B788BA;
			remoteInfo = GuardiasMIP;
		};
		0E8CF1371D20D77200B788BA /* PBXContainerItemProxy */ = {
			isa = PBXContainerItemProxy;
			containerPortal = 0E8CF10C1D20D77200B788BA /* Project object */;
			proxyType = 1;
			remoteGlobalIDString = 0E8CF1131D20D77200B788BA;
			remoteInfo = GuardiasMIP;
		};
/* End PBXContainerItemProxy section */

/* Begin PBXCopyFilesBuildPhase section */
		0E8CF1511D20E32F00B788BA /* Embed Frameworks */ = {
			isa = PBXCopyFilesBuildPhase;
			buildActionMask = 2147483647;
			dstPath = "";
			dstSubfolderSpec = 10;
			files = (
				0E456C411D28428800855FD1 /* SuperCoreData.framework in Embed Frameworks */,
				0E0104E41D2F3F6E0070FEDE /* EasyPickerKit.framework in Embed Frameworks */,
			);
			name = "Embed Frameworks";
			runOnlyForDeploymentPostprocessing = 0;
		};
/* End PBXCopyFilesBuildPhase section */

/* Begin PBXFileReference section */
		0E0104E21D2F3F6E0070FEDE /* EasyPickerKit.framework */ = {isa = PBXFileReference; lastKnownFileType = wrapper.framework; path = EasyPickerKit.framework; sourceTree = "<group>"; };
		0E0EB55B1D2384B6000B5C0D /* DateUtilities.swift */ = {isa = PBXFileReference; fileEncoding = 4; lastKnownFileType = sourcecode.swift; path = DateUtilities.swift; sourceTree = "<group>"; };
		0E0EB5651D238D49000B5C0D /* MenuButton.swift */ = {isa = PBXFileReference; fileEncoding = 4; lastKnownFileType = sourcecode.swift; path = MenuButton.swift; sourceTree = "<group>"; };
		0E0EB56B1D24CA73000B5C0D /* CoreData.framework */ = {isa = PBXFileReference; lastKnownFileType = wrapper.framework; name = CoreData.framework; path = System/Library/Frameworks/CoreData.framework; sourceTree = SDKROOT; };
		0E0EB56D1D24CC1B000B5C0D /* GMCreacionTurnosViewController.swift */ = {isa = PBXFileReference; fileEncoding = 4; lastKnownFileType = sourcecode.swift; path = GMCreacionTurnosViewController.swift; sourceTree = "<group>"; };
		0E0EB56F1D24D442000B5C0D /* TurnView.swift */ = {isa = PBXFileReference; fileEncoding = 4; lastKnownFileType = sourcecode.swift; path = TurnView.swift; sourceTree = "<group>"; };
		0E282A791D2CDDAE00DB300C /* GMMainViewController.swift */ = {isa = PBXFileReference; fileEncoding = 4; lastKnownFileType = sourcecode.swift; path = GMMainViewController.swift; sourceTree = "<group>"; };
		0E282A7B1D2DFCD100DB300C /* Fecha+CoreDataProperties.swift */ = {isa = PBXFileReference; fileEncoding = 4; lastKnownFileType = sourcecode.swift; path = "Fecha+CoreDataProperties.swift"; sourceTree = "<group>"; };
		0E282A7C1D2DFCD100DB300C /* Fecha.swift */ = {isa = PBXFileReference; fileEncoding = 4; lastKnownFileType = sourcecode.swift; path = Fecha.swift; sourceTree = "<group>"; };
		0E282A7D1D2DFCD100DB300C /* Turno+CoreDataProperties.swift */ = {isa = PBXFileReference; fileEncoding = 4; lastKnownFileType = sourcecode.swift; path = "Turno+CoreDataProperties.swift"; sourceTree = "<group>"; };
		0E282A7E1D2DFCD100DB300C /* Turno.swift */ = {isa = PBXFileReference; fileEncoding = 4; lastKnownFileType = sourcecode.swift; path = Turno.swift; sourceTree = "<group>"; };
		0E456C3F1D28428800855FD1 /* SuperCoreData.framework */ = {isa = PBXFileReference; lastKnownFileType = wrapper.framework; name = SuperCoreData.framework; path = ../SuperCoreData.framework; sourceTree = "<group>"; };
		0E456C4F1D2B7AB500855FD1 /* GMCalendarViewController.swift */ = {isa = PBXFileReference; fileEncoding = 4; lastKnownFileType = sourcecode.swift; path = GMCalendarViewController.swift; sourceTree = "<group>"; };
		0E456C511D2B7D8B00855FD1 /* EPCalendarPicker.swift */ = {isa = PBXFileReference; fileEncoding = 4; lastKnownFileType = sourcecode.swift; path = EPCalendarPicker.swift; sourceTree = "<group>"; };
		0E456C521D2B7D8B00855FD1 /* EPCalendarConstants.swift */ = {isa = PBXFileReference; fileEncoding = 4; lastKnownFileType = sourcecode.swift; path = EPCalendarConstants.swift; sourceTree = "<group>"; };
		0E456C531D2B7D8B00855FD1 /* EPCalendarCell1.swift */ = {isa = PBXFileReference; fileEncoding = 4; lastKnownFileType = sourcecode.swift; path = EPCalendarCell1.swift; sourceTree = "<group>"; };
		0E456C541D2B7D8B00855FD1 /* EPCalendarCell1.xib */ = {isa = PBXFileReference; fileEncoding = 4; lastKnownFileType = file.xib; path = EPCalendarCell1.xib; sourceTree = "<group>"; };
		0E456C551D2B7D8B00855FD1 /* EPCalendarHeaderView.swift */ = {isa = PBXFileReference; fileEncoding = 4; lastKnownFileType = sourcecode.swift; path = EPCalendarHeaderView.swift; sourceTree = "<group>"; };
		0E456C561D2B7D8B00855FD1 /* EPCalendarHeaderView.xib */ = {isa = PBXFileReference; fileEncoding = 4; lastKnownFileType = file.xib; path = EPCalendarHeaderView.xib; sourceTree = "<group>"; };
		0E456C571D2B7D8B00855FD1 /* EPExtensions.swift */ = {isa = PBXFileReference; fileEncoding = 4; lastKnownFileType = sourcecode.swift; path = EPExtensions.swift; sourceTree = "<group>"; };
		0E456C5F1D2B824E00855FD1 /* CalendarBrain.swift */ = {isa = PBXFileReference; fileEncoding = 4; lastKnownFileType = sourcecode.swift; path = CalendarBrain.swift; sourceTree = "<group>"; };
		0E46ED5D1D281B9C00016E30 /* GuardiasMIP-Bridging-Header.h */ = {isa = PBXFileReference; lastKnownFileType = sourcecode.c.h; path = "GuardiasMIP-Bridging-Header.h"; sourceTree = "<group>"; };
		0E46ED5E1D281B9D00016E30 /* UIColor+customProperties.h */ = {isa = PBXFileReference; fileEncoding = 4; lastKnownFileType = sourcecode.c.h; path = "UIColor+customProperties.h"; sourceTree = "<group>"; };
		0E46ED5F1D281B9D00016E30 /* UIColor+customProperties.m */ = {isa = PBXFileReference; fileEncoding = 4; lastKnownFileType = sourcecode.c.objc; path = "UIColor+customProperties.m"; sourceTree = "<group>"; };
		0E46ED611D28232E00016E30 /* UIViewExtensions.swift */ = {isa = PBXFileReference; fileEncoding = 4; lastKnownFileType = sourcecode.swift; path = UIViewExtensions.swift; sourceTree = "<group>"; };
		0E62862F1D2CC450002AB31B /* ColorExtension.swift */ = {isa = PBXFileReference; fileEncoding = 4; lastKnownFileType = sourcecode.swift; path = ColorExtension.swift; sourceTree = "<group>"; };
		0E8CF1141D20D77200B788BA /* GuardiasMIP.app */ = {isa = PBXFileReference; explicitFileType = wrapper.application; includeInIndex = 0; path = GuardiasMIP.app; sourceTree = BUILT_PRODUCTS_DIR; };
		0E8CF1171D20D77200B788BA /* AppDelegate.swift */ = {isa = PBXFileReference; lastKnownFileType = sourcecode.swift; path = AppDelegate.swift; sourceTree = "<group>"; };
		0E8CF1191D20D77200B788BA /* ViewController.swift */ = {isa = PBXFileReference; lastKnownFileType = sourcecode.swift; path = ViewController.swift; sourceTree = "<group>"; };
		0E8CF11C1D20D77200B788BA /* Base */ = {isa = PBXFileReference; lastKnownFileType = file.storyboard; name = Base; path = Base.lproj/Main.storyboard; sourceTree = "<group>"; };
		0E8CF11F1D20D77200B788BA /* GuardiasMIP.xcdatamodel */ = {isa = PBXFileReference; lastKnownFileType = wrapper.xcdatamodel; path = GuardiasMIP.xcdatamodel; sourceTree = "<group>"; };
		0E8CF1211D20D77200B788BA /* Assets.xcassets */ = {isa = PBXFileReference; lastKnownFileType = folder.assetcatalog; path = Assets.xcassets; sourceTree = "<group>"; };
		0E8CF1241D20D77200B788BA /* Base */ = {isa = PBXFileReference; lastKnownFileType = file.storyboard; name = Base; path = Base.lproj/LaunchScreen.storyboard; sourceTree = "<group>"; };
		0E8CF1261D20D77200B788BA /* Info.plist */ = {isa = PBXFileReference; lastKnownFileType = text.plist.xml; path = Info.plist; sourceTree = "<group>"; };
		0E8CF12B1D20D77200B788BA /* GuardiasMIPTests.xctest */ = {isa = PBXFileReference; explicitFileType = wrapper.cfbundle; includeInIndex = 0; path = GuardiasMIPTests.xctest; sourceTree = BUILT_PRODUCTS_DIR; };
		0E8CF12F1D20D77200B788BA /* GuardiasMIPTests.swift */ = {isa = PBXFileReference; lastKnownFileType = sourcecode.swift; path = GuardiasMIPTests.swift; sourceTree = "<group>"; };
		0E8CF1311D20D77200B788BA /* Info.plist */ = {isa = PBXFileReference; lastKnownFileType = text.plist.xml; path = Info.plist; sourceTree = "<group>"; };
		0E8CF1361D20D77200B788BA /* GuardiasMIPUITests.xctest */ = {isa = PBXFileReference; explicitFileType = wrapper.cfbundle; includeInIndex = 0; path = GuardiasMIPUITests.xctest; sourceTree = BUILT_PRODUCTS_DIR; };
		0E8CF13A1D20D77200B788BA /* GuardiasMIPUITests.swift */ = {isa = PBXFileReference; lastKnownFileType = sourcecode.swift; path = GuardiasMIPUITests.swift; sourceTree = "<group>"; };
		0E8CF13C1D20D77200B788BA /* Info.plist */ = {isa = PBXFileReference; lastKnownFileType = text.plist.xml; path = Info.plist; sourceTree = "<group>"; };
		0EE344561D2E2CBF00BD2F55 /* ActivityIndicatorViewController.swift */ = {isa = PBXFileReference; fileEncoding = 4; lastKnownFileType = sourcecode.swift; path = ActivityIndicatorViewController.swift; sourceTree = "<group>"; };
		0EE344581D2E2D9E00BD2F55 /* ActivityIndicator.h */ = {isa = PBXFileReference; fileEncoding = 4; lastKnownFileType = sourcecode.c.h; path = ActivityIndicator.h; sourceTree = "<group>"; };
		0EE344591D2E2D9E00BD2F55 /* ActivityIndicator.m */ = {isa = PBXFileReference; fileEncoding = 4; lastKnownFileType = sourcecode.c.objc; path = ActivityIndicator.m; sourceTree = "<group>"; };
		5DF625263AF051A875B98FDC /* Pods_GuardiasMIPUITests.framework */ = {isa = PBXFileReference; explicitFileType = wrapper.framework; includeInIndex = 0; path = Pods_GuardiasMIPUITests.framework; sourceTree = BUILT_PRODUCTS_DIR; };
		69C39BDDADD779CB7CF4034A /* Pods-GuardiasMIPTests.release.xcconfig */ = {isa = PBXFileReference; includeInIndex = 1; lastKnownFileType = text.xcconfig; name = "Pods-GuardiasMIPTests.release.xcconfig"; path = "Pods/Target Support Files/Pods-GuardiasMIPTests/Pods-GuardiasMIPTests.release.xcconfig"; sourceTree = "<group>"; };
		74B9614F963C22C0B4905341 /* Pods_GuardiasMIPTests.framework */ = {isa = PBXFileReference; explicitFileType = wrapper.framework; includeInIndex = 0; path = Pods_GuardiasMIPTests.framework; sourceTree = BUILT_PRODUCTS_DIR; };
		79C6218DC9E4C33DBEF57DF4 /* Pods-GuardiasMIP.debug.xcconfig */ = {isa = PBXFileReference; includeInIndex = 1; lastKnownFileType = text.xcconfig; name = "Pods-GuardiasMIP.debug.xcconfig"; path = "Pods/Target Support Files/Pods-GuardiasMIP/Pods-GuardiasMIP.debug.xcconfig"; sourceTree = "<group>"; };
		856B02603C14EC473161EC9D /* Pods-GuardiasMIPTests.debug.xcconfig */ = {isa = PBXFileReference; includeInIndex = 1; lastKnownFileType = text.xcconfig; name = "Pods-GuardiasMIPTests.debug.xcconfig"; path = "Pods/Target Support Files/Pods-GuardiasMIPTests/Pods-GuardiasMIPTests.debug.xcconfig"; sourceTree = "<group>"; };
		98E0CCEDD323747E12C9CE43 /* Pods-GuardiasMIPUITests.release.xcconfig */ = {isa = PBXFileReference; includeInIndex = 1; lastKnownFileType = text.xcconfig; name = "Pods-GuardiasMIPUITests.release.xcconfig"; path = "Pods/Target Support Files/Pods-GuardiasMIPUITests/Pods-GuardiasMIPUITests.release.xcconfig"; sourceTree = "<group>"; };
		9CC5F038135F1077DE70EA9E /* Pods-GuardiasMIP.release.xcconfig */ = {isa = PBXFileReference; includeInIndex = 1; lastKnownFileType = text.xcconfig; name = "Pods-GuardiasMIP.release.xcconfig"; path = "Pods/Target Support Files/Pods-GuardiasMIP/Pods-GuardiasMIP.release.xcconfig"; sourceTree = "<group>"; };
		A201C40D9CD7AA5ABEEBB459 /* Pods-GuardiasMIPUITests.debug.xcconfig */ = {isa = PBXFileReference; includeInIndex = 1; lastKnownFileType = text.xcconfig; name = "Pods-GuardiasMIPUITests.debug.xcconfig"; path = "Pods/Target Support Files/Pods-GuardiasMIPUITests/Pods-GuardiasMIPUITests.debug.xcconfig"; sourceTree = "<group>"; };
		D61192C4D7D283D1A29AC55E /* Pods_GuardiasMIP.framework */ = {isa = PBXFileReference; explicitFileType = wrapper.framework; includeInIndex = 0; path = Pods_GuardiasMIP.framework; sourceTree = BUILT_PRODUCTS_DIR; };
/* End PBXFileReference section */

/* Begin PBXFrameworksBuildPhase section */
		0E8CF1111D20D77200B788BA /* Frameworks */ = {
			isa = PBXFrameworksBuildPhase;
			buildActionMask = 2147483647;
			files = (
				0E456C401D28428800855FD1 /* SuperCoreData.framework in Frameworks */,
				0E0EB56C1D24CA73000B5C0D /* CoreData.framework in Frameworks */,
				38C7DCB31979700543820733 /* Pods_GuardiasMIP.framework in Frameworks */,
				0E0104E31D2F3F6E0070FEDE /* EasyPickerKit.framework in Frameworks */,
			);
			runOnlyForDeploymentPostprocessing = 0;
		};
		0E8CF1281D20D77200B788BA /* Frameworks */ = {
			isa = PBXFrameworksBuildPhase;
			buildActionMask = 2147483647;
			files = (
				3F766EBBAC079D2B7FB61DC7 /* Pods_GuardiasMIPTests.framework in Frameworks */,
			);
			runOnlyForDeploymentPostprocessing = 0;
		};
		0E8CF1331D20D77200B788BA /* Frameworks */ = {
			isa = PBXFrameworksBuildPhase;
			buildActionMask = 2147483647;
			files = (
				22212435CF70BD2FE95F0F3B /* Pods_GuardiasMIPUITests.framework in Frameworks */,
			);
			runOnlyForDeploymentPostprocessing = 0;
		};
/* End PBXFrameworksBuildPhase section */

/* Begin PBXGroup section */
		0E0EB55A1D2383F6000B5C0D /* Lib */ = {
			isa = PBXGroup;
			children = (
				0E62862F1D2CC450002AB31B /* ColorExtension.swift */,
				0E62862E1D2CA873002AB31B /* Calendar */,
				0E46ED5E1D281B9D00016E30 /* UIColor+customProperties.h */,
				0E46ED5F1D281B9D00016E30 /* UIColor+customProperties.m */,
				0E0EB55B1D2384B6000B5C0D /* DateUtilities.swift */,
				0E0EB5651D238D49000B5C0D /* MenuButton.swift */,
				0E0EB56F1D24D442000B5C0D /* TurnView.swift */,
				0E46ED5D1D281B9C00016E30 /* GuardiasMIP-Bridging-Header.h */,
				0E46ED611D28232E00016E30 /* UIViewExtensions.swift */,
				0E456C5F1D2B824E00855FD1 /* CalendarBrain.swift */,
				0EE344581D2E2D9E00BD2F55 /* ActivityIndicator.h */,
				0EE344591D2E2D9E00BD2F55 /* ActivityIndicator.m */,
				0EE344561D2E2CBF00BD2F55 /* ActivityIndicatorViewController.swift */,
			);
			name = Lib;
			sourceTree = "<group>";
		};
		0E0EB5711D25F3A5000B5C0D /* Modelos */ = {
			isa = PBXGroup;
			children = (
				0E282A7B1D2DFCD100DB300C /* Fecha+CoreDataProperties.swift */,
				0E282A7C1D2DFCD100DB300C /* Fecha.swift */,
				0E282A7D1D2DFCD100DB300C /* Turno+CoreDataProperties.swift */,
				0E282A7E1D2DFCD100DB300C /* Turno.swift */,
			);
			name = Modelos;
			sourceTree = "<group>";
		};
		0E62862E1D2CA873002AB31B /* Calendar */ = {
			isa = PBXGroup;
			children = (
				0E456C511D2B7D8B00855FD1 /* EPCalendarPicker.swift */,
				0E456C521D2B7D8B00855FD1 /* EPCalendarConstants.swift */,
				0E456C531D2B7D8B00855FD1 /* EPCalendarCell1.swift */,
				0E456C541D2B7D8B00855FD1 /* EPCalendarCell1.xib */,
				0E456C551D2B7D8B00855FD1 /* EPCalendarHeaderView.swift */,
				0E456C561D2B7D8B00855FD1 /* EPCalendarHeaderView.xib */,
				0E456C571D2B7D8B00855FD1 /* EPExtensions.swift */,
			);
			name = Calendar;
			sourceTree = "<group>";
		};
		0E8CF10B1D20D77200B788BA = {
			isa = PBXGroup;
			children = (
				0E0104E21D2F3F6E0070FEDE /* EasyPickerKit.framework */,
				0E8CF1161D20D77200B788BA /* GuardiasMIP */,
				0E8CF12E1D20D77200B788BA /* GuardiasMIPTests */,
				0E8CF1391D20D77200B788BA /* GuardiasMIPUITests */,
				0E8CF1151D20D77200B788BA /* Products */,
				22A38F5C53B7B04212F005D0 /* Pods */,
				F8CB8BFD47F9F57BE05FC391 /* Frameworks */,
			);
			sourceTree = "<group>";
		};
		0E8CF1151D20D77200B788BA /* Products */ = {
			isa = PBXGroup;
			children = (
				0E8CF1141D20D77200B788BA /* GuardiasMIP.app */,
				0E8CF12B1D20D77200B788BA /* GuardiasMIPTests.xctest */,
				0E8CF1361D20D77200B788BA /* GuardiasMIPUITests.xctest */,
			);
			name = Products;
			sourceTree = "<group>";
		};
		0E8CF1161D20D77200B788BA /* GuardiasMIP */ = {
			isa = PBXGroup;
			children = (
				0E0EB5711D25F3A5000B5C0D /* Modelos */,
				0E0EB55A1D2383F6000B5C0D /* Lib */,
				0E8CF1171D20D77200B788BA /* AppDelegate.swift */,
				0E8CF1191D20D77200B788BA /* ViewController.swift */,
				0E0EB56D1D24CC1B000B5C0D /* GMCreacionTurnosViewController.swift */,
				0E456C4F1D2B7AB500855FD1 /* GMCalendarViewController.swift */,
				0E282A791D2CDDAE00DB300C /* GMMainViewController.swift */,
				0E8CF11B1D20D77200B788BA /* Main.storyboard */,
				0E8CF1211D20D77200B788BA /* Assets.xcassets */,
				0E8CF1231D20D77200B788BA /* LaunchScreen.storyboard */,
				0E8CF1261D20D77200B788BA /* Info.plist */,
				0E8CF11E1D20D77200B788BA /* GuardiasMIP.xcdatamodeld */,
				0E8CF14C1D20E2BD00B788BA /* Frameworks */,
			);
			path = GuardiasMIP;
			sourceTree = "<group>";
		};
		0E8CF12E1D20D77200B788BA /* GuardiasMIPTests */ = {
			isa = PBXGroup;
			children = (
				0E8CF12F1D20D77200B788BA /* GuardiasMIPTests.swift */,
				0E8CF1311D20D77200B788BA /* Info.plist */,
			);
			path = GuardiasMIPTests;
			sourceTree = "<group>";
		};
		0E8CF1391D20D77200B788BA /* GuardiasMIPUITests */ = {
			isa = PBXGroup;
			children = (
				0E8CF13A1D20D77200B788BA /* GuardiasMIPUITests.swift */,
				0E8CF13C1D20D77200B788BA /* Info.plist */,
			);
			path = GuardiasMIPUITests;
			sourceTree = "<group>";
		};
		0E8CF14C1D20E2BD00B788BA /* Frameworks */ = {
			isa = PBXGroup;
			children = (
				0E456C3F1D28428800855FD1 /* SuperCoreData.framework */,
				0E0EB56B1D24CA73000B5C0D /* CoreData.framework */,
			);
			name = Frameworks;
			sourceTree = "<group>";
		};
		22A38F5C53B7B04212F005D0 /* Pods */ = {
			isa = PBXGroup;
			children = (
				79C6218DC9E4C33DBEF57DF4 /* Pods-GuardiasMIP.debug.xcconfig */,
				9CC5F038135F1077DE70EA9E /* Pods-GuardiasMIP.release.xcconfig */,
				856B02603C14EC473161EC9D /* Pods-GuardiasMIPTests.debug.xcconfig */,
				69C39BDDADD779CB7CF4034A /* Pods-GuardiasMIPTests.release.xcconfig */,
				A201C40D9CD7AA5ABEEBB459 /* Pods-GuardiasMIPUITests.debug.xcconfig */,
				98E0CCEDD323747E12C9CE43 /* Pods-GuardiasMIPUITests.release.xcconfig */,
			);
			name = Pods;
			sourceTree = "<group>";
		};
		F8CB8BFD47F9F57BE05FC391 /* Frameworks */ = {
			isa = PBXGroup;
			children = (
				D61192C4D7D283D1A29AC55E /* Pods_GuardiasMIP.framework */,
				74B9614F963C22C0B4905341 /* Pods_GuardiasMIPTests.framework */,
				5DF625263AF051A875B98FDC /* Pods_GuardiasMIPUITests.framework */,
			);
			name = Frameworks;
			sourceTree = "<group>";
		};
/* End PBXGroup section */

/* Begin PBXNativeTarget section */
		0E8CF1131D20D77200B788BA /* GuardiasMIP */ = {
			isa = PBXNativeTarget;
			buildConfigurationList = 0E8CF13F1D20D77200B788BA /* Build configuration list for PBXNativeTarget "GuardiasMIP" */;
			buildPhases = (
				211AD9E5991BE2BAF0FA7424 /* [CP] Check Pods Manifest.lock */,
				0E8CF1101D20D77200B788BA /* Sources */,
				0E8CF1111D20D77200B788BA /* Frameworks */,
				0E8CF1121D20D77200B788BA /* Resources */,
				0E8CF1511D20E32F00B788BA /* Embed Frameworks */,
				7F24213A3C6F3525C8D4DB8E /* [CP] Embed Pods Frameworks */,
				5F1203204C1466D2E4D7F112 /* [CP] Copy Pods Resources */,
			);
			buildRules = (
			);
			dependencies = (
			);
			name = GuardiasMIP;
			productName = GuardiasMIP;
			productReference = 0E8CF1141D20D77200B788BA /* GuardiasMIP.app */;
			productType = "com.apple.product-type.application";
		};
		0E8CF12A1D20D77200B788BA /* GuardiasMIPTests */ = {
			isa = PBXNativeTarget;
			buildConfigurationList = 0E8CF1421D20D77200B788BA /* Build configuration list for PBXNativeTarget "GuardiasMIPTests" */;
			buildPhases = (
				E25F72C8745F8D9DAC958D9D /* [CP] Check Pods Manifest.lock */,
				0E8CF1271D20D77200B788BA /* Sources */,
				0E8CF1281D20D77200B788BA /* Frameworks */,
				0E8CF1291D20D77200B788BA /* Resources */,
				C96D5883F30E39782D154663 /* [CP] Embed Pods Frameworks */,
				3D56305162837AA6F10027C4 /* [CP] Copy Pods Resources */,
			);
			buildRules = (
			);
			dependencies = (
				0E8CF12D1D20D77200B788BA /* PBXTargetDependency */,
			);
			name = GuardiasMIPTests;
			productName = GuardiasMIPTests;
			productReference = 0E8CF12B1D20D77200B788BA /* GuardiasMIPTests.xctest */;
			productType = "com.apple.product-type.bundle.unit-test";
		};
		0E8CF1351D20D77200B788BA /* GuardiasMIPUITests */ = {
			isa = PBXNativeTarget;
			buildConfigurationList = 0E8CF1451D20D77200B788BA /* Build configuration list for PBXNativeTarget "GuardiasMIPUITests" */;
			buildPhases = (
				76047414AA929BF6A2D925B0 /* [CP] Check Pods Manifest.lock */,
				0E8CF1321D20D77200B788BA /* Sources */,
				0E8CF1331D20D77200B788BA /* Frameworks */,
				0E8CF1341D20D77200B788BA /* Resources */,
				A2248C6483904CC65AD31C10 /* [CP] Copy Pods Resources */,
			);
			buildRules = (
			);
			dependencies = (
				0E8CF1381D20D77200B788BA /* PBXTargetDependency */,
			);
			name = GuardiasMIPUITests;
			productName = GuardiasMIPUITests;
			productReference = 0E8CF1361D20D77200B788BA /* GuardiasMIPUITests.xctest */;
			productType = "com.apple.product-type.bundle.ui-testing";
		};
/* End PBXNativeTarget section */

/* Begin PBXProject section */
		0E8CF10C1D20D77200B788BA /* Project object */ = {
			isa = PBXProject;
			attributes = {
				LastSwiftUpdateCheck = 0730;
				LastUpgradeCheck = 0730;
				ORGANIZATIONNAME = Sankurlabs;
				TargetAttributes = {
					0E8CF1131D20D77200B788BA = {
						CreatedOnToolsVersion = 7.3.1;
					};
					0E8CF12A1D20D77200B788BA = {
						CreatedOnToolsVersion = 7.3.1;
						TestTargetID = 0E8CF1131D20D77200B788BA;
					};
					0E8CF1351D20D77200B788BA = {
						CreatedOnToolsVersion = 7.3.1;
						TestTargetID = 0E8CF1131D20D77200B788BA;
					};
				};
			};
			buildConfigurationList = 0E8CF10F1D20D77200B788BA /* Build configuration list for PBXProject "GuardiasMIP" */;
			compatibilityVersion = "Xcode 3.2";
			developmentRegion = English;
			hasScannedForEncodings = 0;
			knownRegions = (
				en,
				Base,
			);
			mainGroup = 0E8CF10B1D20D77200B788BA;
			productRefGroup = 0E8CF1151D20D77200B788BA /* Products */;
			projectDirPath = "";
			projectRoot = "";
			targets = (
				0E8CF1131D20D77200B788BA /* GuardiasMIP */,
				0E8CF12A1D20D77200B788BA /* GuardiasMIPTests */,
				0E8CF1351D20D77200B788BA /* GuardiasMIPUITests */,
			);
		};
/* End PBXProject section */

/* Begin PBXResourcesBuildPhase section */
		0E8CF1121D20D77200B788BA /* Resources */ = {
			isa = PBXResourcesBuildPhase;
			buildActionMask = 2147483647;
			files = (
				0E456C5B1D2B7D8B00855FD1 /* EPCalendarCell1.xib in Resources */,
				0E8CF1251D20D77200B788BA /* LaunchScreen.storyboard in Resources */,
				0E8CF1221D20D77200B788BA /* Assets.xcassets in Resources */,
				0E8CF11D1D20D77200B788BA /* Main.storyboard in Resources */,
				0E456C5D1D2B7D8B00855FD1 /* EPCalendarHeaderView.xib in Resources */,
			);
			runOnlyForDeploymentPostprocessing = 0;
		};
		0E8CF1291D20D77200B788BA /* Resources */ = {
			isa = PBXResourcesBuildPhase;
			buildActionMask = 2147483647;
			files = (
			);
			runOnlyForDeploymentPostprocessing = 0;
		};
		0E8CF1341D20D77200B788BA /* Resources */ = {
			isa = PBXResourcesBuildPhase;
			buildActionMask = 2147483647;
			files = (
			);
			runOnlyForDeploymentPostprocessing = 0;
		};
/* End PBXResourcesBuildPhase section */

/* Begin PBXShellScriptBuildPhase section */
		211AD9E5991BE2BAF0FA7424 /* [CP] Check Pods Manifest.lock */ = {
			isa = PBXShellScriptBuildPhase;
			buildActionMask = 2147483647;
			files = (
			);
			inputPaths = (
			);
			name = "[CP] Check Pods Manifest.lock";
			outputPaths = (
			);
			runOnlyForDeploymentPostprocessing = 0;
			shellPath = /bin/sh;
			shellScript = "diff \"${PODS_ROOT}/../Podfile.lock\" \"${PODS_ROOT}/Manifest.lock\" > /dev/null\nif [[ $? != 0 ]] ; then\n    cat << EOM\nerror: The sandbox is not in sync with the Podfile.lock. Run 'pod install' or update your CocoaPods installation.\nEOM\n    exit 1\nfi\n";
			showEnvVarsInLog = 0;
		};
		3D56305162837AA6F10027C4 /* [CP] Copy Pods Resources */ = {
			isa = PBXShellScriptBuildPhase;
			buildActionMask = 2147483647;
			files = (
			);
			inputPaths = (
			);
			name = "[CP] Copy Pods Resources";
			outputPaths = (
			);
			runOnlyForDeploymentPostprocessing = 0;
			shellPath = /bin/sh;
			shellScript = "\"${SRCROOT}/Pods/Target Support Files/Pods-GuardiasMIPTests/Pods-GuardiasMIPTests-resources.sh\"\n";
			showEnvVarsInLog = 0;
		};
		5F1203204C1466D2E4D7F112 /* [CP] Copy Pods Resources */ = {
			isa = PBXShellScriptBuildPhase;
			buildActionMask = 2147483647;
			files = (
			);
			inputPaths = (
			);
			name = "[CP] Copy Pods Resources";
			outputPaths = (
			);
			runOnlyForDeploymentPostprocessing = 0;
			shellPath = /bin/sh;
			shellScript = "\"${SRCROOT}/Pods/Target Support Files/Pods-GuardiasMIP/Pods-GuardiasMIP-resources.sh\"\n";
			showEnvVarsInLog = 0;
		};
		76047414AA929BF6A2D925B0 /* [CP] Check Pods Manifest.lock */ = {
			isa = PBXShellScriptBuildPhase;
			buildActionMask = 2147483647;
			files = (
			);
			inputPaths = (
			);
			name = "[CP] Check Pods Manifest.lock";
			outputPaths = (
			);
			runOnlyForDeploymentPostprocessing = 0;
			shellPath = /bin/sh;
			shellScript = "diff \"${PODS_ROOT}/../Podfile.lock\" \"${PODS_ROOT}/Manifest.lock\" > /dev/null\nif [[ $? != 0 ]] ; then\n    cat << EOM\nerror: The sandbox is not in sync with the Podfile.lock. Run 'pod install' or update your CocoaPods installation.\nEOM\n    exit 1\nfi\n";
			showEnvVarsInLog = 0;
		};
		7F24213A3C6F3525C8D4DB8E /* [CP] Embed Pods Frameworks */ = {
			isa = PBXShellScriptBuildPhase;
			buildActionMask = 2147483647;
			files = (
			);
			inputPaths = (
			);
			name = "[CP] Embed Pods Frameworks";
			outputPaths = (
			);
			runOnlyForDeploymentPostprocessing = 0;
			shellPath = /bin/sh;
			shellScript = "\"${SRCROOT}/Pods/Target Support Files/Pods-GuardiasMIP/Pods-GuardiasMIP-frameworks.sh\"\n";
			showEnvVarsInLog = 0;
		};
		A2248C6483904CC65AD31C10 /* [CP] Copy Pods Resources */ = {
			isa = PBXShellScriptBuildPhase;
			buildActionMask = 2147483647;
			files = (
			);
			inputPaths = (
			);
			name = "[CP] Copy Pods Resources";
			outputPaths = (
			);
			runOnlyForDeploymentPostprocessing = 0;
			shellPath = /bin/sh;
			shellScript = "\"${SRCROOT}/Pods/Target Support Files/Pods-GuardiasMIPUITests/Pods-GuardiasMIPUITests-resources.sh\"\n";
			showEnvVarsInLog = 0;
		};
		C96D5883F30E39782D154663 /* [CP] Embed Pods Frameworks */ = {
			isa = PBXShellScriptBuildPhase;
			buildActionMask = 2147483647;
			files = (
			);
			inputPaths = (
			);
			name = "[CP] Embed Pods Frameworks";
			outputPaths = (
			);
			runOnlyForDeploymentPostprocessing = 0;
			shellPath = /bin/sh;
			shellScript = "\"${SRCROOT}/Pods/Target Support Files/Pods-GuardiasMIPTests/Pods-GuardiasMIPTests-frameworks.sh\"\n";
			showEnvVarsInLog = 0;
		};
		E25F72C8745F8D9DAC958D9D /* [CP] Check Pods Manifest.lock */ = {
			isa = PBXShellScriptBuildPhase;
			buildActionMask = 2147483647;
			files = (
			);
			inputPaths = (
			);
			name = "[CP] Check Pods Manifest.lock";
			outputPaths = (
			);
			runOnlyForDeploymentPostprocessing = 0;
			shellPath = /bin/sh;
			shellScript = "diff \"${PODS_ROOT}/../Podfile.lock\" \"${PODS_ROOT}/Manifest.lock\" > /dev/null\nif [[ $? != 0 ]] ; then\n    cat << EOM\nerror: The sandbox is not in sync with the Podfile.lock. Run 'pod install' or update your CocoaPods installation.\nEOM\n    exit 1\nfi\n";
			showEnvVarsInLog = 0;
		};
/* End PBXShellScriptBuildPhase section */

/* Begin PBXSourcesBuildPhase section */
		0E8CF1101D20D77200B788BA /* Sources */ = {
			isa = PBXSourcesBuildPhase;
			buildActionMask = 2147483647;
			files = (
				0E456C591D2B7D8B00855FD1 /* EPCalendarConstants.swift in Sources */,
				0E282A7A1D2CDDAE00DB300C /* GMMainViewController.swift in Sources */,
				0E282A7F1D2DFCD100DB300C /* Fecha+CoreDataProperties.swift in Sources */,
				0E46ED621D28232E00016E30 /* UIViewExtensions.swift in Sources */,
				0E8CF11A1D20D77200B788BA /* ViewController.swift in Sources */,
				0E8CF1201D20D77200B788BA /* GuardiasMIP.xcdatamodeld in Sources */,
				0E8CF1181D20D77200B788BA /* AppDelegate.swift in Sources */,
				0E0EB5661D238D49000B5C0D /* MenuButton.swift in Sources */,
				0EE3445A1D2E2D9E00BD2F55 /* ActivityIndicator.m in Sources */,
				0E0EB55C1D2384B6000B5C0D /* DateUtilities.swift in Sources */,
				0E282A801D2DFCD100DB300C /* Fecha.swift in Sources */,
				0E282A821D2DFCD100DB300C /* Turno.swift in Sources */,
				0E456C5C1D2B7D8B00855FD1 /* EPCalendarHeaderView.swift in Sources */,
				0E46ED601D281B9D00016E30 /* UIColor+customProperties.m in Sources */,
				0E456C581D2B7D8B00855FD1 /* EPCalendarPicker.swift in Sources */,
				0E456C5E1D2B7D8B00855FD1 /* EPExtensions.swift in Sources */,
				0E0EB56E1D24CC1B000B5C0D /* GMCreacionTurnosViewController.swift in Sources */,
				0EE344571D2E2CBF00BD2F55 /* ActivityIndicatorViewController.swift in Sources */,
				0E456C501D2B7AB500855FD1 /* GMCalendarViewController.swift in Sources */,
				0E282A811D2DFCD100DB300C /* Turno+CoreDataProperties.swift in Sources */,
				0E0EB5701D24D442000B5C0D /* TurnView.swift in Sources */,
				0E456C601D2B824E00855FD1 /* CalendarBrain.swift in Sources */,
				0E456C5A1D2B7D8B00855FD1 /* EPCalendarCell1.swift in Sources */,
				0E6286301D2CC450002AB31B /* ColorExtension.swift in Sources */,
			);
			runOnlyForDeploymentPostprocessing = 0;
		};
		0E8CF1271D20D77200B788BA /* Sources */ = {
			isa = PBXSourcesBuildPhase;
			buildActionMask = 2147483647;
			files = (
				0E8CF1301D20D77200B788BA /* GuardiasMIPTests.swift in Sources */,
			);
			runOnlyForDeploymentPostprocessing = 0;
		};
		0E8CF1321D20D77200B788BA /* Sources */ = {
			isa = PBXSourcesBuildPhase;
			buildActionMask = 2147483647;
			files = (
				0E8CF13B1D20D77200B788BA /* GuardiasMIPUITests.swift in Sources */,
			);
			runOnlyForDeploymentPostprocessing = 0;
		};
/* End PBXSourcesBuildPhase section */

/* Begin PBXTargetDependency section */
		0E8CF12D1D20D77200B788BA /* PBXTargetDependency */ = {
			isa = PBXTargetDependency;
			target = 0E8CF1131D20D77200B788BA /* GuardiasMIP */;
			targetProxy = 0E8CF12C1D20D77200B788BA /* PBXContainerItemProxy */;
		};
		0E8CF1381D20D77200B788BA /* PBXTargetDependency */ = {
			isa = PBXTargetDependency;
			target = 0E8CF1131D20D77200B788BA /* GuardiasMIP */;
			targetProxy = 0E8CF1371D20D77200B788BA /* PBXContainerItemProxy */;
		};
/* End PBXTargetDependency section */

/* Begin PBXVariantGroup section */
		0E8CF11B1D20D77200B788BA /* Main.storyboard */ = {
			isa = PBXVariantGroup;
			children = (
				0E8CF11C1D20D77200B788BA /* Base */,
			);
			name = Main.storyboard;
			sourceTree = "<group>";
		};
		0E8CF1231D20D77200B788BA /* LaunchScreen.storyboard */ = {
			isa = PBXVariantGroup;
			children = (
				0E8CF1241D20D77200B788BA /* Base */,
			);
			name = LaunchScreen.storyboard;
			sourceTree = "<group>";
		};
/* End PBXVariantGroup section */

/* Begin XCBuildConfiguration section */
		0E8CF13D1D20D77200B788BA /* Debug */ = {
			isa = XCBuildConfiguration;
			buildSettings = {
				ALWAYS_SEARCH_USER_PATHS = NO;
				CLANG_ANALYZER_NONNULL = YES;
				CLANG_CXX_LANGUAGE_STANDARD = "gnu++0x";
				CLANG_CXX_LIBRARY = "libc++";
				CLANG_ENABLE_MODULES = YES;
				CLANG_ENABLE_OBJC_ARC = YES;
				CLANG_WARN_BOOL_CONVERSION = YES;
				CLANG_WARN_CONSTANT_CONVERSION = YES;
				CLANG_WARN_DIRECT_OBJC_ISA_USAGE = YES_ERROR;
				CLANG_WARN_EMPTY_BODY = YES;
				CLANG_WARN_ENUM_CONVERSION = YES;
				CLANG_WARN_INT_CONVERSION = YES;
				CLANG_WARN_OBJC_ROOT_CLASS = YES_ERROR;
				CLANG_WARN_UNREACHABLE_CODE = YES;
				CLANG_WARN__DUPLICATE_METHOD_MATCH = YES;
				"CODE_SIGN_IDENTITY[sdk=iphoneos*]" = "iPhone Developer";
				COPY_PHASE_STRIP = NO;
				DEBUG_INFORMATION_FORMAT = dwarf;
				ENABLE_STRICT_OBJC_MSGSEND = YES;
				ENABLE_TESTABILITY = YES;
				GCC_C_LANGUAGE_STANDARD = gnu99;
				GCC_DYNAMIC_NO_PIC = NO;
				GCC_NO_COMMON_BLOCKS = YES;
				GCC_OPTIMIZATION_LEVEL = 0;
				GCC_PREPROCESSOR_DEFINITIONS = (
					"DEBUG=1",
					"$(inherited)",
				);
				GCC_WARN_64_TO_32_BIT_CONVERSION = YES;
				GCC_WARN_ABOUT_RETURN_TYPE = YES_ERROR;
				GCC_WARN_UNDECLARED_SELECTOR = YES;
				GCC_WARN_UNINITIALIZED_AUTOS = YES_AGGRESSIVE;
				GCC_WARN_UNUSED_FUNCTION = YES;
				GCC_WARN_UNUSED_VARIABLE = YES;
				IPHONEOS_DEPLOYMENT_TARGET = 9.3;
				MTL_ENABLE_DEBUG_INFO = YES;
				ONLY_ACTIVE_ARCH = YES;
				SDKROOT = iphoneos;
				SWIFT_OPTIMIZATION_LEVEL = "-Onone";
				TARGETED_DEVICE_FAMILY = "1,2";
			};
			name = Debug;
		};
		0E8CF13E1D20D77200B788BA /* Release */ = {
			isa = XCBuildConfiguration;
			buildSettings = {
				ALWAYS_SEARCH_USER_PATHS = NO;
				CLANG_ANALYZER_NONNULL = YES;
				CLANG_CXX_LANGUAGE_STANDARD = "gnu++0x";
				CLANG_CXX_LIBRARY = "libc++";
				CLANG_ENABLE_MODULES = YES;
				CLANG_ENABLE_OBJC_ARC = YES;
				CLANG_WARN_BOOL_CONVERSION = YES;
				CLANG_WARN_CONSTANT_CONVERSION = YES;
				CLANG_WARN_DIRECT_OBJC_ISA_USAGE = YES_ERROR;
				CLANG_WARN_EMPTY_BODY = YES;
				CLANG_WARN_ENUM_CONVERSION = YES;
				CLANG_WARN_INT_CONVERSION = YES;
				CLANG_WARN_OBJC_ROOT_CLASS = YES_ERROR;
				CLANG_WARN_UNREACHABLE_CODE = YES;
				CLANG_WARN__DUPLICATE_METHOD_MATCH = YES;
				"CODE_SIGN_IDENTITY[sdk=iphoneos*]" = "iPhone Developer";
				COPY_PHASE_STRIP = NO;
				DEBUG_INFORMATION_FORMAT = "dwarf-with-dsym";
				ENABLE_NS_ASSERTIONS = NO;
				ENABLE_STRICT_OBJC_MSGSEND = YES;
				GCC_C_LANGUAGE_STANDARD = gnu99;
				GCC_NO_COMMON_BLOCKS = YES;
				GCC_WARN_64_TO_32_BIT_CONVERSION = YES;
				GCC_WARN_ABOUT_RETURN_TYPE = YES_ERROR;
				GCC_WARN_UNDECLARED_SELECTOR = YES;
				GCC_WARN_UNINITIALIZED_AUTOS = YES_AGGRESSIVE;
				GCC_WARN_UNUSED_FUNCTION = YES;
				GCC_WARN_UNUSED_VARIABLE = YES;
				IPHONEOS_DEPLOYMENT_TARGET = 9.3;
				MTL_ENABLE_DEBUG_INFO = NO;
				SDKROOT = iphoneos;
				TARGETED_DEVICE_FAMILY = "1,2";
				VALIDATE_PRODUCT = YES;
			};
			name = Release;
		};
		0E8CF1401D20D77200B788BA /* Debug */ = {
			isa = XCBuildConfiguration;
			baseConfigurationReference = 79C6218DC9E4C33DBEF57DF4 /* Pods-GuardiasMIP.debug.xcconfig */;
			buildSettings = {
				ASSETCATALOG_COMPILER_APPICON_NAME = AppIcon;
				CLANG_ENABLE_MODULES = YES;
				FRAMEWORK_SEARCH_PATHS = (
					"$(inherited)",
					"$(PROJECT_DIR)/GuardiasMIP",
					"$(PROJECT_DIR)",
				);
				INFOPLIST_FILE = GuardiasMIP/Info.plist;
				LD_RUNPATH_SEARCH_PATHS = "$(inherited) @executable_path/Frameworks";
				PRODUCT_BUNDLE_IDENTIFIER = com.sankurapps.GuardiasMIP;
				PRODUCT_NAME = "$(TARGET_NAME)";
				SWIFT_OBJC_BRIDGING_HEADER = "GuardiasMIP/GuardiasMIP-Bridging-Header.h";
				SWIFT_OPTIMIZATION_LEVEL = "-Onone";
			};
			name = Debug;
		};
		0E8CF1411D20D77200B788BA /* Release */ = {
			isa = XCBuildConfiguration;
			baseConfigurationReference = 9CC5F038135F1077DE70EA9E /* Pods-GuardiasMIP.release.xcconfig */;
			buildSettings = {
				ASSETCATALOG_COMPILER_APPICON_NAME = AppIcon;
				CLANG_ENABLE_MODULES = YES;
				FRAMEWORK_SEARCH_PATHS = (
					"$(inherited)",
					"$(PROJECT_DIR)/GuardiasMIP",
					"$(PROJECT_DIR)",
				);
				INFOPLIST_FILE = GuardiasMIP/Info.plist;
				LD_RUNPATH_SEARCH_PATHS = "$(inherited) @executable_path/Frameworks";
				PRODUCT_BUNDLE_IDENTIFIER = com.sankurapps.GuardiasMIP;
				PRODUCT_NAME = "$(TARGET_NAME)";
				SWIFT_OBJC_BRIDGING_HEADER = "GuardiasMIP/GuardiasMIP-Bridging-Header.h";
			};
			name = Release;
		};
		0E8CF1431D20D77200B788BA /* Debug */ = {
			isa = XCBuildConfiguration;
			baseConfigurationReference = 856B02603C14EC473161EC9D /* Pods-GuardiasMIPTests.debug.xcconfig */;
			buildSettings = {
				BUNDLE_LOADER = "$(TEST_HOST)";
				INFOPLIST_FILE = GuardiasMIPTests/Info.plist;
				LD_RUNPATH_SEARCH_PATHS = "$(inherited) @executable_path/Frameworks @loader_path/Frameworks";
				PRODUCT_BUNDLE_IDENTIFIER = com.sankurapps.GuardiasMIPTests;
				PRODUCT_NAME = "$(TARGET_NAME)";
				TEST_HOST = "$(BUILT_PRODUCTS_DIR)/GuardiasMIP.app/GuardiasMIP";
			};
			name = Debug;
		};
		0E8CF1441D20D77200B788BA /* Release */ = {
			isa = XCBuildConfiguration;
			baseConfigurationReference = 69C39BDDADD779CB7CF4034A /* Pods-GuardiasMIPTests.release.xcconfig */;
			buildSettings = {
				BUNDLE_LOADER = "$(TEST_HOST)";
				INFOPLIST_FILE = GuardiasMIPTests/Info.plist;
				LD_RUNPATH_SEARCH_PATHS = "$(inherited) @executable_path/Frameworks @loader_path/Frameworks";
				PRODUCT_BUNDLE_IDENTIFIER = com.sankurapps.GuardiasMIPTests;
				PRODUCT_NAME = "$(TARGET_NAME)";
				TEST_HOST = "$(BUILT_PRODUCTS_DIR)/GuardiasMIP.app/GuardiasMIP";
			};
			name = Release;
		};
		0E8CF1461D20D77200B788BA /* Debug */ = {
			isa = XCBuildConfiguration;
			baseConfigurationReference = A201C40D9CD7AA5ABEEBB459 /* Pods-GuardiasMIPUITests.debug.xcconfig */;
			buildSettings = {
				INFOPLIST_FILE = GuardiasMIPUITests/Info.plist;
				LD_RUNPATH_SEARCH_PATHS = "$(inherited) @executable_path/Frameworks @loader_path/Frameworks";
				PRODUCT_BUNDLE_IDENTIFIER = com.sankurapps.GuardiasMIPUITests;
				PRODUCT_NAME = "$(TARGET_NAME)";
				TEST_TARGET_NAME = GuardiasMIP;
			};
			name = Debug;
		};
		0E8CF1471D20D77200B788BA /* Release */ = {
			isa = XCBuildConfiguration;
			baseConfigurationReference = 98E0CCEDD323747E12C9CE43 /* Pods-GuardiasMIPUITests.release.xcconfig */;
			buildSettings = {
				INFOPLIST_FILE = GuardiasMIPUITests/Info.plist;
				LD_RUNPATH_SEARCH_PATHS = "$(inherited) @executable_path/Frameworks @loader_path/Frameworks";
				PRODUCT_BUNDLE_IDENTIFIER = com.sankurapps.GuardiasMIPUITests;
				PRODUCT_NAME = "$(TARGET_NAME)";
				TEST_TARGET_NAME = GuardiasMIP;
			};
			name = Release;
		};
/* End XCBuildConfiguration section */

/* Begin XCConfigurationList section */
		0E8CF10F1D20D77200B788BA /* Build configuration list for PBXProject "GuardiasMIP" */ = {
			isa = XCConfigurationList;
			buildConfigurations = (
				0E8CF13D1D20D77200B788BA /* Debug */,
				0E8CF13E1D20D77200B788BA /* Release */,
			);
			defaultConfigurationIsVisible = 0;
			defaultConfigurationName = Release;
		};
		0E8CF13F1D20D77200B788BA /* Build configuration list for PBXNativeTarget "GuardiasMIP" */ = {
			isa = XCConfigurationList;
			buildConfigurations = (
				0E8CF1401D20D77200B788BA /* Debug */,
				0E8CF1411D20D77200B788BA /* Release */,
			);
			defaultConfigurationIsVisible = 0;
			defaultConfigurationName = Release;
		};
		0E8CF1421D20D77200B788BA /* Build configuration list for PBXNativeTarget "GuardiasMIPTests" */ = {
			isa = XCConfigurationList;
			buildConfigurations = (
				0E8CF1431D20D77200B788BA /* Debug */,
				0E8CF1441D20D77200B788BA /* Release */,
			);
			defaultConfigurationIsVisible = 0;
			defaultConfigurationName = Release;
		};
		0E8CF1451D20D77200B788BA /* Build configuration list for PBXNativeTarget "GuardiasMIPUITests" */ = {
			isa = XCConfigurationList;
			buildConfigurations = (
				0E8CF1461D20D77200B788BA /* Debug */,
				0E8CF1471D20D77200B788BA /* Release */,
			);
			defaultConfigurationIsVisible = 0;
			defaultConfigurationName = Release;
		};
/* End XCConfigurationList section */

/* Begin XCVersionGroup section */
		0E8CF11E1D20D77200B788BA /* GuardiasMIP.xcdatamodeld */ = {
			isa = XCVersionGroup;
			children = (
				0E8CF11F1D20D77200B788BA /* GuardiasMIP.xcdatamodel */,
			);
			currentVersion = 0E8CF11F1D20D77200B788BA /* GuardiasMIP.xcdatamodel */;
			path = GuardiasMIP.xcdatamodeld;
			sourceTree = "<group>";
			versionGroupType = wrapper.xcdatamodel;
		};
/* End XCVersionGroup section */
	};
	rootObject = 0E8CF10C1D20D77200B788BA /* Project object */;
}
